
Microsoft Visual Studio Solution File, Format Version 12.00
# Visual Studio Version 16
VisualStudioVersion = 16.0.30503.244
MinimumVisualStudioVersion = 10.0.40219.1
Project("{FAE04EC0-301F-11D3-BF4B-00C04F79EFBC}") = "UnitTestProject1", "UnitTestProject1.csproj", "{23956141-ACFF-4D8A-BADF-F4088C9BA6F6}"
EndProject
Global
	GlobalSection(SolutionConfigurationPlatforms) = preSolution
		Debug|Any CPU = Debug|Any CPU
		Release|Any CPU = Release|Any CPU
	EndGlobalSection
	GlobalSection(ProjectConfigurationPlatforms) = postSolution
		{23956141-ACFF-4D8A-BADF-F4088C9BA6F6}.Debug|Any CPU.ActiveCfg = Debug|Any CPU
		{23956141-ACFF-4D8A-BADF-F4088C9BA6F6}.Debug|Any CPU.Build.0 = Debug|Any CPU
		{23956141-ACFF-4D8A-BADF-F4088C9BA6F6}.Release|Any CPU.ActiveCfg = Release|Any CPU
		{23956141-ACFF-4D8A-BADF-F4088C9BA6F6}.Release|Any CPU.Build.0 = Release|Any CPU
	EndGlobalSection
	GlobalSection(SolutionProperties) = preSolution
		HideSolutionNode = FALSE
	EndGlobalSection
	GlobalSection(ExtensibilityGlobals) = postSolution
		SolutionGuid = {D6B9206F-D9DF-4A7B-96D4-213CC79B0EAE}
	EndGlobalSection
EndGlobal
